
Microsoft Visual Studio Solution File, Format Version 12.00
# Visual Studio Version 17
VisualStudioVersion = 17.10.35013.160
MinimumVisualStudioVersion = 10.0.40219.1
Project("{8BC9CEB8-8B4A-11D0-8D11-00A0C91BC942}") = "main.cpp", "data struc assignment #1\data struc assignment #1.vcxproj", "{56A96CBB-0D46-4FCF-A0F7-DE00E7AB0773}"
EndProject
Project("{2150E333-8FDC-42A3-9474-1A3956D46DE8}") = "Solution Items", "Solution Items", "{756880B2-C14F-4B4B-91A5-23116AB5BABF}"
	ProjectSection(SolutionItems) = preProject
		..\..\..\Downloads\assignment1.png.png = ..\..\..\Downloads\assignment1.png.png
	EndProjectSection
EndProject
Global
	GlobalSection(SolutionConfigurationPlatforms) = preSolution
		Debug|x64 = Debug|x64
		Debug|x86 = Debug|x86
		Release|x64 = Release|x64
		Release|x86 = Release|x86
	EndGlobalSection
	GlobalSection(ProjectConfigurationPlatforms) = postSolution
		{56A96CBB-0D46-4FCF-A0F7-DE00E7AB0773}.Debug|x64.ActiveCfg = Debug|x64
		{56A96CBB-0D46-4FCF-A0F7-DE00E7AB0773}.Debug|x64.Build.0 = Debug|x64
		{56A96CBB-0D46-4FCF-A0F7-DE00E7AB0773}.Debug|x86.ActiveCfg = Debug|Win32
		{56A96CBB-0D46-4FCF-A0F7-DE00E7AB0773}.Debug|x86.Build.0 = Debug|Win32
		{56A96CBB-0D46-4FCF-A0F7-DE00E7AB0773}.Release|x64.ActiveCfg = Release|x64
		{56A96CBB-0D46-4FCF-A0F7-DE00E7AB0773}.Release|x64.Build.0 = Release|x64
		{56A96CBB-0D46-4FCF-A0F7-DE00E7AB0773}.Release|x86.ActiveCfg = Release|Win32
		{56A96CBB-0D46-4FCF-A0F7-DE00E7AB0773}.Release|x86.Build.0 = Release|Win32
	EndGlobalSection
	GlobalSection(SolutionProperties) = preSolution
		HideSolutionNode = FALSE
	EndGlobalSection
	GlobalSection(ExtensibilityGlobals) = postSolution
		SolutionGuid = {C93F7039-DD7E-4A70-998E-2FAFDD5DCFEB}
	EndGlobalSection
EndGlobal
